GEM
  remote: https://rubygems.org/
  specs:
    anthropic (1.40.0)
      cgi
      connection_pool
      standardwebhooks
    base64 (0.3.0)
    cgi (0.5.1)
    connection_pool (3.0.2)
    csv (3.3.5)
    dotenv (3.2.0)
    event_stream_parser (1.0.0)
    faraday (2.14.1)
      faraday-net_http (>= 2.0, < 3.5)
      json
      logger
    faraday-multipart (1.2.0)
      multipart-post (~> 2.0)
    faraday-net_http (3.4.2)
      net-http (~> 0.5)
    faraday-retry (2.4.0)
      faraday (~> 2.0)
    json (2.19.5)
    logger (1.7.0)
    marcel (1.1.0)
    mmh3 (1.2.0)
    multi_json (1.19.1)
    multipart-post (2.4.1)
    mustermann (3.0.4)
      ruby2_keywords (~> 0.0.1)
    net-http (0.9.1)
      uri (>= 0.11.1)
    nio4r (2.7.5)
    numo-narray-alt (0.10.3)
    numo-optimize (0.3.0)
      numo-narray-alt (>= 0.9.9, < 0.11.0)
    puma (6.6.1)
      nio4r (~> 2.0)
    rack (3.2.5)
    rack-protection (4.2.1)
      base64 (>= 0.1.0)
      logger (>= 1.6.0)
      rack (>= 3.0.0, < 4)
    rack-session (2.1.1)
      base64 (>= 0.1.0)
      rack (>= 3.0.0)
    rackup (2.3.1)
      rack (>= 3)
    ruby2_keywords (0.0.5)
    ruby_llm (1.15.0)
      base64
      event_stream_parser (~> 1)
      faraday (>= 1.10.0)
      faraday-multipart (>= 1)
      faraday-net_http (>= 1)
      faraday-retry (>= 1)
      marcel (~> 1)
      ruby_llm-schema (~> 0)
      zeitwerk (~> 2)
    ruby_llm-schema (0.3.0)
    rumale (2.1.0)
      numo-narray-alt (>= 0.9.10, < 0.11.0)
      rumale-clustering (~> 2.1.0)
      rumale-core (~> 2.1.0)
      rumale-decomposition (~> 2.1.0)
      rumale-ensemble (~> 2.1.0)
      rumale-evaluation_measure (~> 2.1.0)
      rumale-feature_extraction (~> 2.1.0)
      rumale-kernel_approximation (~> 2.1.0)
      rumale-kernel_machine (~> 2.1.0)
      rumale-linear_model (~> 2.1.0)
      rumale-manifold (~> 2.1.0)
      rumale-metric_learning (~> 2.1.0)
      rumale-model_selection (~> 2.1.0)
      rumale-naive_bayes (~> 2.1.0)
      rumale-nearest_neighbors (~> 2.1.0)
      rumale-neural_network (~> 2.1.0)
      rumale-pipeline (~> 2.1.0)
      rumale-preprocessing (~> 2.1.0)
      rumale-tree (~> 2.1.0)
    rumale-clustering (2.1.0)
      numo-narray-alt (>= 0.9.10, < 0.11.0)
      rumale-core (~> 2.1.0)
    rumale-core (2.1.0)
      csv (>= 3.1.9)
      numo-narray-alt (>= 0.9.10, < 0.11.0)
    rumale-decomposition (2.1.0)
      numo-narray-alt (>= 0.9.10, < 0.11.0)
      rumale-core (~> 2.1.0)
    rumale-ensemble (2.1.0)
      numo-narray-alt (>= 0.9.10, < 0.11.0)
      rumale-core (~> 2.1.0)
      rumale-linear_model (~> 2.1.0)
      rumale-model_selection (~> 2.1.0)
      rumale-preprocessing (~> 2.1.0)
      rumale-tree (~> 2.1.0)
    rumale-evaluation_measure (2.1.0)
      numo-narray-alt (>= 0.9.10, < 0.11.0)
      rumale-core (~> 2.1.0)
    rumale-feature_extraction (2.1.0)
      mmh3 (~> 1.0)
      numo-narray-alt (>= 0.9.10, < 0.11.0)
      rumale-core (~> 2.1.0)
    rumale-kernel_approximation (2.1.0)
      numo-narray-alt (>= 0.9.10, < 0.11.0)
      rumale-core (~> 2.1.0)
    rumale-kernel_machine (2.1.0)
      numo-narray-alt (>= 0.9.10, < 0.11.0)
      rumale-core (~> 2.1.0)
    rumale-linear_model (2.1.0)
      numo-narray-alt (>= 0.9.10, < 0.11.0)
      numo-optimize (>= 0.2.2, < 1.0.0)
      rumale-core (~> 2.1.0)
    rumale-manifold (2.1.0)
      numo-narray-alt (>= 0.9.10, < 0.11.0)
      rumale-core (~> 2.1.0)
      rumale-decomposition (~> 2.1.0)
    rumale-metric_learning (2.1.0)
      numo-narray-alt (>= 0.9.10, < 0.11.0)
      numo-optimize (>= 0.2.2, < 1.0.0)
      rumale-core (~> 2.1.0)
      rumale-decomposition (~> 2.1.0)
    rumale-model_selection (2.1.0)
      numo-narray-alt (>= 0.9.10, < 0.11.0)
      rumale-core (~> 2.1.0)
      rumale-evaluation_measure (~> 2.1.0)
      rumale-preprocessing (~> 2.1.0)
    rumale-naive_bayes (2.1.0)
      numo-narray-alt (>= 0.9.10, < 0.11.0)
      rumale-core (~> 2.1.0)
    rumale-nearest_neighbors (2.1.0)
      numo-narray-alt (>= 0.9.10, < 0.11.0)
      rumale-core (~> 2.1.0)
    rumale-neural_network (2.1.0)
      numo-narray-alt (>= 0.9.10, < 0.11.0)
      rumale-core (~> 2.1.0)
    rumale-pipeline (2.1.0)
      numo-narray-alt (>= 0.9.10, < 0.11.0)
      rumale-core (~> 2.1.0)
    rumale-preprocessing (2.1.0)
      numo-narray-alt (>= 0.9.10, < 0.11.0)
      rumale-core (~> 2.1.0)
    rumale-tree (2.1.0)
      numo-narray-alt (>= 0.9.10, < 0.11.0)
      rumale-core (~> 2.1.0)
    sinatra (4.2.1)
      logger (>= 1.6.0)
      mustermann (~> 3.0)
      rack (>= 3.0.0, < 4)
      rack-protection (= 4.2.1)
      rack-session (>= 2.0.0, < 3)
      tilt (~> 2.0)
    sinatra-contrib (4.2.1)
      multi_json (>= 0.0.2)
      mustermann (~> 3.0)
      rack-protection (= 4.2.1)
      sinatra (= 4.2.1)
      tilt (~> 2.0)
    standardwebhooks (1.1.0)
    tilt (2.7.0)
    uri (1.1.1)
    zeitwerk (2.7.5)

PLATFORMS
  arm64-darwin-23
  ruby

DEPENDENCIES
  anthropic (~> 1.40)
  dotenv (~> 3.1)
  puma (~> 6.4)
  rackup (~> 2.1)
  ruby_llm (~> 1.15)
  rumale (~> 2.1)
  sinatra (~> 4.0)
  sinatra-contrib (~> 4.0)

BUNDLED WITH
   2.7.1
