GEM
  remote: https://rubygems.org/
  specs:
    base64 (0.3.0)
    csv (3.3.5)
    logger (1.7.0)
    mmh3 (1.2.0)
    multi_json (1.19.1)
    mustermann (3.0.4)
      ruby2_keywords (~> 0.0.1)
    nio4r (2.7.5)
    numo-narray-alt (0.10.3)
    numo-optimize (0.3.0)
      numo-narray-alt (>= 0.9.9, < 0.11.0)
    puma (6.6.1)
      nio4r (~> 2.0)
    rack (3.2.5)
    rack-protection (4.2.1)
      base64 (>= 0.1.0)
      logger (>= 1.6.0)
      rack (>= 3.0.0, < 4)
    rack-session (2.1.1)
      base64 (>= 0.1.0)
      rack (>= 3.0.0)
    rackup (2.3.1)
      rack (>= 3)
    ruby2_keywords (0.0.5)
    rumale (2.1.0)
      numo-narray-alt (>= 0.9.10, < 0.11.0)
      rumale-clustering (~> 2.1.0)
      rumale-core (~> 2.1.0)
      rumale-decomposition (~> 2.1.0)
      rumale-ensemble (~> 2.1.0)
      rumale-evaluation_measure (~> 2.1.0)
      rumale-feature_extraction (~> 2.1.0)
      rumale-kernel_approximation (~> 2.1.0)
      rumale-kernel_machine (~> 2.1.0)
      rumale-linear_model (~> 2.1.0)
      rumale-manifold (~> 2.1.0)
      rumale-metric_learning (~> 2.1.0)
      rumale-model_selection (~> 2.1.0)
      rumale-naive_bayes (~> 2.1.0)
      rumale-nearest_neighbors (~> 2.1.0)
      rumale-neural_network (~> 2.1.0)
      rumale-pipeline (~> 2.1.0)
      rumale-preprocessing (~> 2.1.0)
      rumale-tree (~> 2.1.0)
    rumale-clustering (2.1.0)
      numo-narray-alt (>= 0.9.10, < 0.11.0)
      rumale-core (~> 2.1.0)
    rumale-core (2.1.0)
      csv (>= 3.1.9)
      numo-narray-alt (>= 0.9.10, < 0.11.0)
    rumale-decomposition (2.1.0)
      numo-narray-alt (>= 0.9.10, < 0.11.0)
      rumale-core (~> 2.1.0)
    rumale-ensemble (2.1.0)
      numo-narray-alt (>= 0.9.10, < 0.11.0)
      rumale-core (~> 2.1.0)
      rumale-linear_model (~> 2.1.0)
      rumale-model_selection (~> 2.1.0)
      rumale-preprocessing (~> 2.1.0)
      rumale-tree (~> 2.1.0)
    rumale-evaluation_measure (2.1.0)
      numo-narray-alt (>= 0.9.10, < 0.11.0)
      rumale-core (~> 2.1.0)
    rumale-feature_extraction (2.1.0)
      mmh3 (~> 1.0)
      numo-narray-alt (>= 0.9.10, < 0.11.0)
      rumale-core (~> 2.1.0)
    rumale-kernel_approximation (2.1.0)
      numo-narray-alt (>= 0.9.10, < 0.11.0)
      rumale-core (~> 2.1.0)
    rumale-kernel_machine (2.1.0)
      numo-narray-alt (>= 0.9.10, < 0.11.0)
      rumale-core (~> 2.1.0)
    rumale-linear_model (2.1.0)
      numo-narray-alt (>= 0.9.10, < 0.11.0)
      numo-optimize (>= 0.2.2, < 1.0.0)
      rumale-core (~> 2.1.0)
    rumale-manifold (2.1.0)
      numo-narray-alt (>= 0.9.10, < 0.11.0)
      rumale-core (~> 2.1.0)
      rumale-decomposition (~> 2.1.0)
    rumale-metric_learning (2.1.0)
      numo-narray-alt (>= 0.9.10, < 0.11.0)
      numo-optimize (>= 0.2.2, < 1.0.0)
      rumale-core (~> 2.1.0)
      rumale-decomposition (~> 2.1.0)
    rumale-model_selection (2.1.0)
      numo-narray-alt (>= 0.9.10, < 0.11.0)
      rumale-core (~> 2.1.0)
      rumale-evaluation_measure (~> 2.1.0)
      rumale-preprocessing (~> 2.1.0)
    rumale-naive_bayes (2.1.0)
      numo-narray-alt (>= 0.9.10, < 0.11.0)
      rumale-core (~> 2.1.0)
    rumale-nearest_neighbors (2.1.0)
      numo-narray-alt (>= 0.9.10, < 0.11.0)
      rumale-core (~> 2.1.0)
    rumale-neural_network (2.1.0)
      numo-narray-alt (>= 0.9.10, < 0.11.0)
      rumale-core (~> 2.1.0)
    rumale-pipeline (2.1.0)
      numo-narray-alt (>= 0.9.10, < 0.11.0)
      rumale-core (~> 2.1.0)
    rumale-preprocessing (2.1.0)
      numo-narray-alt (>= 0.9.10, < 0.11.0)
      rumale-core (~> 2.1.0)
    rumale-tree (2.1.0)
      numo-narray-alt (>= 0.9.10, < 0.11.0)
      rumale-core (~> 2.1.0)
    sinatra (4.2.1)
      logger (>= 1.6.0)
      mustermann (~> 3.0)
      rack (>= 3.0.0, < 4)
      rack-protection (= 4.2.1)
      rack-session (>= 2.0.0, < 3)
      tilt (~> 2.0)
    sinatra-contrib (4.2.1)
      multi_json (>= 0.0.2)
      mustermann (~> 3.0)
      rack-protection (= 4.2.1)
      sinatra (= 4.2.1)
      tilt (~> 2.0)
    tilt (2.7.0)

PLATFORMS
  arm64-darwin-23
  ruby

DEPENDENCIES
  puma (~> 6.4)
  rackup (~> 2.1)
  rumale (~> 2.1)
  sinatra (~> 4.0)
  sinatra-contrib (~> 4.0)

BUNDLED WITH
   2.7.1
